
Microsoft Visual Studio Solution File, Format Version 12.00
# Visual Studio Version 16
VisualStudioVersion = 16.0.30804.86
MinimumVisualStudioVersion = 10.0.40219.1
Project("{FAE04EC0-301F-11D3-BF4B-00C04F79EFBC}") = "Kovan", "Kovan.csproj", "{9ADD00BC-69EB-40B2-A3AF-73334320B620}"
EndProject
Global
	GlobalSection(SolutionConfigurationPlatforms) = preSolution
		Debug|Any CPU = Debug|Any CPU
		Release|Any CPU = Release|Any CPU
	EndGlobalSection
	GlobalSection(ProjectConfigurationPlatforms) = postSolution
		{9ADD00BC-69EB-40B2-A3AF-73334320B620}.Debug|Any CPU.ActiveCfg = Debug|Any CPU
		{9ADD00BC-69EB-40B2-A3AF-73334320B620}.Debug|Any CPU.Build.0 = Debug|Any CPU
		{9ADD00BC-69EB-40B2-A3AF-73334320B620}.Release|Any CPU.ActiveCfg = Release|Any CPU
		{9ADD00BC-69EB-40B2-A3AF-73334320B620}.Release|Any CPU.Build.0 = Release|Any CPU
	EndGlobalSection
	GlobalSection(SolutionProperties) = preSolution
		HideSolutionNode = FALSE
	EndGlobalSection
	GlobalSection(ExtensibilityGlobals) = postSolution
		SolutionGuid = {FA69E9C8-52D6-4756-B7CD-E8A22FD53904}
	EndGlobalSection
EndGlobal
